// !$*UTF8*$!
{
	archiveVersion = 1;
	classes = {
	};
	objectVersion = 56;
	objects = {

/* Begin PBXBuildFile section */
		2176DC0F28F0F6E300786BB8 /* AppDelegate.swift in Sources */ = {isa = PBXBuildFile; fileRef = 2176DC0E28F0F6E300786BB8 /* AppDelegate.swift */; };
		2176DC1128F0F6E300786BB8 /* SceneDelegate.swift in Sources */ = {isa = PBXBuildFile; fileRef = 2176DC1028F0F6E300786BB8 /* SceneDelegate.swift */; };
		2176DC1328F0F6E300786BB8 /* ViewController.swift in Sources */ = {isa = PBXBuildFile; fileRef = 2176DC1228F0F6E300786BB8 /* ViewController.swift */; };
		2176DC1628F0F6E300786BB8 /* Main.storyboard in Resources */ = {isa = PBXBuildFile; fileRef = 2176DC1428F0F6E300786BB8 /* Main.storyboard */; };
		2176DC1828F0F6EC00786BB8 /* Assets.xcassets in Resources */ = {isa = PBXBuildFile; fileRef = 2176DC1728F0F6EC00786BB8 /* Assets.xcassets */; };
		2176DC1B28F0F6EC00786BB8 /* LaunchScreen.storyboard in Resources */ = {isa = PBXBuildFile; fileRef = 2176DC1928F0F6EC00786BB8 /* LaunchScreen.storyboard */; };
		2176DC2628F0F6ED00786BB8 /* Learning_AppTests.swift in Sources */ = {isa = PBXBuildFile; fileRef = 2176DC2528F0F6ED00786BB8 /* Learning_AppTests.swift */; };
		2176DC3028F0F6ED00786BB8 /* Learning_AppUITests.swift in Sources */ = {isa = PBXBuildFile; fileRef = 2176DC2F28F0F6ED00786BB8 /* Learning_AppUITests.swift */; };
		2176DC3228F0F6ED00786BB8 /* Learning_AppUITestsLaunchTests.swift in Sources */ = {isa = PBXBuildFile; fileRef = 2176DC3128F0F6ED00786BB8 /* Learning_AppUITestsLaunchTests.swift */; };
/* End PBXBuildFile section */

/* Begin PBXContainerItemProxy section */
		2176DC2228F0F6ED00786BB8 /* PBXContainerItemProxy */ = {
			isa = PBXContainerItemProxy;
			containerPortal = 2176DC0328F0F6E300786BB8 /* Project object */;
			proxyType = 1;
			remoteGlobalIDString = 2176DC0A28F0F6E300786BB8;
			remoteInfo = "Learning App";
		};
		2176DC2C28F0F6ED00786BB8 /* PBXContainerItemProxy */ = {
			isa = PBXContainerItemProxy;
			containerPortal = 2176DC0328F0F6E300786BB8 /* Project object */;
			proxyType = 1;
			remoteGlobalIDString = 2176DC0A28F0F6E300786BB8;
			remoteInfo = "Learning App";
		};
/* End PBXContainerItemProxy section */

/* Begin PBXFileReference section */
		2176DC0B28F0F6E300786BB8 /* Learning App.app */ = {isa = PBXFileReference; explicitFileType = wrapper.application; includeInIndex = 0; path = "Learning App.app"; sourceTree = BUILT_PRODUCTS_DIR; };
		2176DC0E28F0F6E300786BB8 /* AppDelegate.swift */ = {isa = PBXFileReference; lastKnownFileType = sourcecode.swift; path = AppDelegate.swift; sourceTree = "<group>"; };
		2176DC1028F0F6E300786BB8 /* SceneDelegate.swift */ = {isa = PBXFileReference; lastKnownFileType = sourcecode.swift; path = SceneDelegate.swift; sourceTree = "<group>"; };
		2176DC1228F0F6E300786BB8 /* ViewController.swift */ = {isa = PBXFileReference; lastKnownFileType = sourcecode.swift; path = ViewController.swift; sourceTree = "<group>"; };
		2176DC1528F0F6E300786BB8 /* Base */ = {isa = PBXFileReference; lastKnownFileType = file.storyboard; name = Base; path = Base.lproj/Main.storyboard; sourceTree = "<group>"; };
		2176DC1728F0F6EC00786BB8 /* Assets.xcassets */ = {isa = PBXFileReference; lastKnownFileType = folder.assetcatalog; path = Assets.xcassets; sourceTree = "<group>"; };
		2176DC1A28F0F6EC00786BB8 /* Base */ = {isa = PBXFileReference; lastKnownFileType = file.storyboard; name = Base; path = Base.lproj/LaunchScreen.storyboard; sourceTree = "<group>"; };
		2176DC1C28F0F6EC00786BB8 /* Info.plist */ = {isa = PBXFileReference; lastKnownFileType = text.plist.xml; path = Info.plist; sourceTree = "<group>"; };
		2176DC2128F0F6ED00786BB8 /* Learning AppTests.xctest */ = {isa = PBXFileReference; explicitFileType = wrapper.cfbundle; includeInIndex = 0; path = "Learning AppTests.xctest"; sourceTree = BUILT_PRODUCTS_DIR; };
		2176DC2528F0F6ED00786BB8 /* Learning_AppTests.swift */ = {isa = PBXFileReference; lastKnownFileType = sourcecode.swift; path = Learning_AppTests.swift; sourceTree = "<group>"; };
		2176DC2B28F0F6ED00786BB8 /* Learning AppUITests.xctest */ = {isa = PBXFileReference; explicitFileType = wrapper.cfbundle; includeInIndex = 0; path = "Learning AppUITests.xctest"; sourceTree = BUILT_PRODUCTS_DIR; };
		2176DC2F28F0F6ED00786BB8 /* Learning_AppUITests.swift */ = {isa = PBXFileReference; lastKnownFileType = sourcecode.swift; path = Learning_AppUITests.swift; sourceTree = "<group>"; };
		2176DC3128F0F6ED00786BB8 /* Learning_AppUITestsLaunchTests.swift */ = {isa = PBXFileReference; lastKnownFileType = sourcecode.swift; path = Learning_AppUITestsLaunchTests.swift; sourceTree = "<group>"; };
/* End PBXFileReference section */

/* Begin PBXFrameworksBuildPhase section */
		2176DC0828F0F6E300786BB8 /* Frameworks */ = {
			isa = PBXFrameworksBuildPhase;
			buildActionMask = 2147483647;
			files = (
			);
			runOnlyForDeploymentPostprocessing = 0;
		};
		2176DC1E28F0F6ED00786BB8 /* Frameworks */ = {
			isa = PBXFrameworksBuildPhase;
			buildActionMask = 2147483647;
			files = (
			);
			runOnlyForDeploymentPostprocessing = 0;
		};
		2176DC2828F0F6ED00786BB8 /* Frameworks */ = {
			isa = PBXFrameworksBuildPhase;
			buildActionMask = 2147483647;
			files = (
			);
			runOnlyForDeploymentPostprocessing = 0;
		};
/* End PBXFrameworksBuildPhase section */

/* Begin PBXGroup section */
		2176DC0228F0F6E300786BB8 = {
			isa = PBXGroup;
			children = (
				2176DC0D28F0F6E300786BB8 /* Learning App */,
				2176DC2428F0F6ED00786BB8 /* Learning AppTests */,
				2176DC2E28F0F6ED00786BB8 /* Learning AppUITests */,
				2176DC0C28F0F6E300786BB8 /* Products */,
			);
			sourceTree = "<group>";
		};
		2176DC0C28F0F6E300786BB8 /* Products */ = {
			isa = PBXGroup;
			children = (
				2176DC0B28F0F6E300786BB8 /* Learning App.app */,
				2176DC2128F0F6ED00786BB8 /* Learning AppTests.xctest */,
				2176DC2B28F0F6ED00786BB8 /* Learning AppUITests.xctest */,
			);
			name = Products;
			sourceTree = "<group>";
		};
		2176DC0D28F0F6E300786BB8 /* Learning App */ = {
			isa = PBXGroup;
			children = (
				2176DC0E28F0F6E300786BB8 /* AppDelegate.swift */,
				2176DC1028F0F6E300786BB8 /* SceneDelegate.swift */,
				2176DC1228F0F6E300786BB8 /* ViewController.swift */,
				2176DC1428F0F6E300786BB8 /* Main.storyboard */,
				2176DC1728F0F6EC00786BB8 /* Assets.xcassets */,
				2176DC1928F0F6EC00786BB8 /* LaunchScreen.storyboard */,
				2176DC1C28F0F6EC00786BB8 /* Info.plist */,
			);
			path = "Learning App";
			sourceTree = "<group>";
		};
		2176DC2428F0F6ED00786BB8 /* Learning AppTests */ = {
			isa = PBXGroup;
			children = (
				2176DC2528F0F6ED00786BB8 /* Learning_AppTests.swift */,
			);
			path = "Learning AppTests";
			sourceTree = "<group>";
		};
		2176DC2E28F0F6ED00786BB8 /* Learning AppUITests */ = {
			isa = PBXGroup;
			children = (
				2176DC2F28F0F6ED00786BB8 /* Learning_AppUITests.swift */,
				2176DC3128F0F6ED00786BB8 /* Learning_AppUITestsLaunchTests.swift */,
			);
			path = "Learning AppUITests";
			sourceTree = "<group>";
		};
/* End PBXGroup section */

/* Begin PBXNativeTarget section */
		2176DC0A28F0F6E300786BB8 /* Learning App */ = {
			isa = PBXNativeTarget;
			buildConfigurationList = 2176DC3528F0F6ED00786BB8 /* Build configuration list for PBXNativeTarget "Learning App" */;
			buildPhases = (
				2176DC0728F0F6E300786BB8 /* Sources */,
				2176DC0828F0F6E300786BB8 /* Frameworks */,
				2176DC0928F0F6E300786BB8 /* Resources */,
			);
			buildRules = (
			);
			dependencies = (
			);
			name = "Learning App";
			productName = "Learning App";
			productReference = 2176DC0B28F0F6E300786BB8 /* Learning App.app */;
			productType = "com.apple.product-type.application";
		};
		2176DC2028F0F6ED00786BB8 /* Learning AppTests */ = {
			isa = PBXNativeTarget;
			buildConfigurationList = 2176DC3828F0F6ED00786BB8 /* Build configuration list for PBXNativeTarget "Learning AppTests" */;
			buildPhases = (
				2176DC1D28F0F6ED00786BB8 /* Sources */,
				2176DC1E28F0F6ED00786BB8 /* Frameworks */,
				2176DC1F28F0F6ED00786BB8 /* Resources */,
			);
			buildRules = (
			);
			dependencies = (
				2176DC2328F0F6ED00786BB8 /* PBXTargetDependency */,
			);
			name = "Learning AppTests";
			productName = "Learning AppTests";
			productReference = 2176DC2128F0F6ED00786BB8 /* Learning AppTests.xctest */;
			productType = "com.apple.product-type.bundle.unit-test";
		};
		2176DC2A28F0F6ED00786BB8 /* Learning AppUITests */ = {
			isa = PBXNativeTarget;
			buildConfigurationList = 2176DC3B28F0F6ED00786BB8 /* Build configuration list for PBXNativeTarget "Learning AppUITests" */;
			buildPhases = (
				2176DC2728F0F6ED00786BB8 /* Sources */,
				2176DC2828F0F6ED00786BB8 /* Frameworks */,
				2176DC2928F0F6ED00786BB8 /* Resources */,
			);
			buildRules = (
			);
			dependencies = (
				2176DC2D28F0F6ED00786BB8 /* PBXTargetDependency */,
			);
			name = "Learning AppUITests";
			productName = "Learning AppUITests";
			productReference = 2176DC2B28F0F6ED00786BB8 /* Learning AppUITests.xctest */;
			productType = "com.apple.product-type.bundle.ui-testing";
		};
/* End PBXNativeTarget section */

/* Begin PBXProject section */
		2176DC0328F0F6E300786BB8 /* Project object */ = {
			isa = PBXProject;
			attributes = {
				BuildIndependentTargetsInParallel = 1;
				LastSwiftUpdateCheck = 1400;
				LastUpgradeCheck = 1400;
				TargetAttributes = {
					2176DC0A28F0F6E300786BB8 = {
						CreatedOnToolsVersion = 14.0.1;
					};
					2176DC2028F0F6ED00786BB8 = {
						CreatedOnToolsVersion = 14.0.1;
						TestTargetID = 2176DC0A28F0F6E300786BB8;
					};
					2176DC2A28F0F6ED00786BB8 = {
						CreatedOnToolsVersion = 14.0.1;
						TestTargetID = 2176DC0A28F0F6E300786BB8;
					};
				};
			};
			buildConfigurationList = 2176DC0628F0F6E300786BB8 /* Build configuration list for PBXProject "Learning App" */;
			compatibilityVersion = "Xcode 14.0";
			developmentRegion = en;
			hasScannedForEncodings = 0;
			knownRegions = (
				en,
				Base,
			);
			mainGroup = 2176DC0228F0F6E300786BB8;
			productRefGroup = 2176DC0C28F0F6E300786BB8 /* Products */;
			projectDirPath = "";
			projectRoot = "";
			targets = (
				2176DC0A28F0F6E300786BB8 /* Learning App */,
				2176DC2028F0F6ED00786BB8 /* Learning AppTests */,
				2176DC2A28F0F6ED00786BB8 /* Learning AppUITests */,
			);
		};
/* End PBXProject section */

/* Begin PBXResourcesBuildPhase section */
		2176DC0928F0F6E300786BB8 /* Resources */ = {
			isa = PBXResourcesBuildPhase;
			buildActionMask = 2147483647;
			files = (
				2176DC1B28F0F6EC00786BB8 /* LaunchScreen.storyboard in Resources */,
				2176DC1828F0F6EC00786BB8 /* Assets.xcassets in Resources */,
				2176DC1628F0F6E300786BB8 /* Main.storyboard in Resources */,
			);
			runOnlyForDeploymentPostprocessing = 0;
		};
		2176DC1F28F0F6ED00786BB8 /* Resources */ = {
			isa = PBXResourcesBuildPhase;
			buildActionMask = 2147483647;
			files = (
			);
			runOnlyForDeploymentPostprocessing = 0;
		};
		2176DC2928F0F6ED00786BB8 /* Resources */ = {
			isa = PBXResourcesBuildPhase;
			buildActionMask = 2147483647;
			files = (
			);
			runOnlyForDeploymentPostprocessing = 0;
		};
/* End PBXResourcesBuildPhase section */

/* Begin PBXSourcesBuildPhase section */
		2176DC0728F0F6E300786BB8 /* Sources */ = {
			isa = PBXSourcesBuildPhase;
			buildActionMask = 2147483647;
			files = (
				2176DC1328F0F6E300786BB8 /* ViewController.swift in Sources */,
				2176DC0F28F0F6E300786BB8 /* AppDelegate.swift in Sources */,
				2176DC1128F0F6E300786BB8 /* SceneDelegate.swift in Sources */,
			);
			runOnlyForDeploymentPostprocessing = 0;
		};
		2176DC1D28F0F6ED00786BB8 /* Sources */ = {
			isa = PBXSourcesBuildPhase;
			buildActionMask = 2147483647;
			files = (
				2176DC2628F0F6ED00786BB8 /* Learning_AppTests.swift in Sources */,
			);
			runOnlyForDeploymentPostprocessing = 0;
		};
		2176DC2728F0F6ED00786BB8 /* Sources */ = {
			isa = PBXSourcesBuildPhase;
			buildActionMask = 2147483647;
			files = (
				2176DC3228F0F6ED00786BB8 /* Learning_AppUITestsLaunchTests.swift in Sources */,
				2176DC3028F0F6ED00786BB8 /* Learning_AppUITests.swift in Sources */,
			);
			runOnlyForDeploymentPostprocessing = 0;
		};
/* End PBXSourcesBuildPhase section */

/* Begin PBXTargetDependency section */
		2176DC2328F0F6ED00786BB8 /* PBXTargetDependency */ = {
			isa = PBXTargetDependency;
			target = 2176DC0A28F0F6E300786BB8 /* Learning App */;
			targetProxy = 2176DC2228F0F6ED00786BB8 /* PBXContainerItemProxy */;
		};
		2176DC2D28F0F6ED00786BB8 /* PBXTargetDependency */ = {
			isa = PBXTargetDependency;
			target = 2176DC0A28F0F6E300786BB8 /* Learning App */;
			targetProxy = 2176DC2C28F0F6ED00786BB8 /* PBXContainerItemProxy */;
		};
/* End PBXTargetDependency section */

/* Begin PBXVariantGroup section */
		2176DC1428F0F6E300786BB8 /* Main.storyboard */ = {
			isa = PBXVariantGroup;
			children = (
				2176DC1528F0F6E300786BB8 /* Base */,
			);
			name = Main.storyboard;
			sourceTree = "<group>";
		};
		2176DC1928F0F6EC00786BB8 /* LaunchScreen.storyboard */ = {
			isa = PBXVariantGroup;
			children = (
				2176DC1A28F0F6EC00786BB8 /* Base */,
			);
			name = LaunchScreen.storyboard;
			sourceTree = "<group>";
		};
/* End PBXVariantGroup section */

/* Begin XCBuildConfiguration section */
		2176DC3328F0F6ED00786BB8 /* Debug */ = {
			isa = XCBuildConfiguration;
			buildSettings = {
				ALWAYS_SEARCH_USER_PATHS = NO;
				CLANG_ANALYZER_NONNULL = YES;
				CLANG_ANALYZER_NUMBER_OBJECT_CONVERSION = YES_AGGRESSIVE;
				CLANG_CXX_LANGUAGE_STANDARD = "gnu++20";
				CLANG_ENABLE_MODULES = YES;
				CLANG_ENABLE_OBJC_ARC = YES;
				CLANG_ENABLE_OBJC_WEAK = YES;
				CLANG_WARN_BLOCK_CAPTURE_AUTORELEASING = YES;
				CLANG_WARN_BOOL_CONVERSION = YES;
				CLANG_WARN_COMMA = YES;
				CLANG_WARN_CONSTANT_CONVERSION = YES;
				CLANG_WARN_DEPRECATED_OBJC_IMPLEMENTATIONS = YES;
				CLANG_WARN_DIRECT_OBJC_ISA_USAGE = YES_ERROR;
				CLANG_WARN_DOCUMENTATION_COMMENTS = YES;
				CLANG_WARN_EMPTY_BODY = YES;
				CLANG_WARN_ENUM_CONVERSION = YES;
				CLANG_WARN_INFINITE_RECURSION = YES;
				CLANG_WARN_INT_CONVERSION = YES;
				CLANG_WARN_NON_LITERAL_NULL_CONVERSION = YES;
				CLANG_WARN_OBJC_IMPLICIT_RETAIN_SELF = YES;
				CLANG_WARN_OBJC_LITERAL_CONVERSION = YES;
				CLANG_WARN_OBJC_ROOT_CLASS = YES_ERROR;
				CLANG_WARN_QUOTED_INCLUDE_IN_FRAMEWORK_HEADER = YES;
				CLANG_WARN_RANGE_LOOP_ANALYSIS = YES;
				CLANG_WARN_STRICT_PROTOTYPES = YES;
				CLANG_WARN_SUSPICIOUS_MOVE = YES;
				CLANG_WARN_UNGUARDED_AVAILABILITY = YES_AGGRESSIVE;
				CLANG_WARN_UNREACHABLE_CODE = YES;
				CLANG_WARN__DUPLICATE_METHOD_MATCH = YES;
				COPY_PHASE_STRIP = NO;
				DEBUG_INFORMATION_FORMAT = dwarf;
				ENABLE_STRICT_OBJC_MSGSEND = YES;
				ENABLE_TESTABILITY = YES;
				GCC_C_LANGUAGE_STANDARD = gnu11;
				GCC_DYNAMIC_NO_PIC = NO;
				GCC_NO_COMMON_BLOCKS = YES;
				GCC_OPTIMIZATION_LEVEL = 0;
				GCC_PREPROCESSOR_DEFINITIONS = (
					"DEBUG=1",
					"$(inherited)",
				);
				GCC_WARN_64_TO_32_BIT_CONVERSION = YES;
				GCC_WARN_ABOUT_RETURN_TYPE = YES_ERROR;
				GCC_WARN_UNDECLARED_SELECTOR = YES;
				GCC_WARN_UNINITIALIZED_AUTOS = YES_AGGRESSIVE;
				GCC_WARN_UNUSED_FUNCTION = YES;
				GCC_WARN_UNUSED_VARIABLE = YES;
				IPHONEOS_DEPLOYMENT_TARGET = 16.0;
				MTL_ENABLE_DEBUG_INFO = INCLUDE_SOURCE;
				MTL_FAST_MATH = YES;
				ONLY_ACTIVE_ARCH = YES;
				SDKROOT = iphoneos;
				SWIFT_ACTIVE_COMPILATION_CONDITIONS = DEBUG;
				SWIFT_OPTIMIZATION_LEVEL = "-Onone";
			};
			name = Debug;
		};
		2176DC3428F0F6ED00786BB8 /* Release */ = {
			isa = XCBuildConfiguration;
			buildSettings = {
				ALWAYS_SEARCH_USER_PATHS = NO;
				CLANG_ANALYZER_NONNULL = YES;
				CLANG_ANALYZER_NUMBER_OBJECT_CONVERSION = YES_AGGRESSIVE;
				CLANG_CXX_LANGUAGE_STANDARD = "gnu++20";
				CLANG_ENABLE_MODULES = YES;
				CLANG_ENABLE_OBJC_ARC = YES;
				CLANG_ENABLE_OBJC_WEAK = YES;
				CLANG_WARN_BLOCK_CAPTURE_AUTORELEASING = YES;
				CLANG_WARN_BOOL_CONVERSION = YES;
				CLANG_WARN_COMMA = YES;
				CLANG_WARN_CONSTANT_CONVERSION = YES;
				CLANG_WARN_DEPRECATED_OBJC_IMPLEMENTATIONS = YES;
				CLANG_WARN_DIRECT_OBJC_ISA_USAGE = YES_ERROR;
				CLANG_WARN_DOCUMENTATION_COMMENTS = YES;
				CLANG_WARN_EMPTY_BODY = YES;
				CLANG_WARN_ENUM_CONVERSION = YES;
				CLANG_WARN_INFINITE_RECURSION = YES;
				CLANG_WARN_INT_CONVERSION = YES;
				CLANG_WARN_NON_LITERAL_NULL_CONVERSION = YES;
				CLANG_WARN_OBJC_IMPLICIT_RETAIN_SELF = YES;
				CLANG_WARN_OBJC_LITERAL_CONVERSION = YES;
				CLANG_WARN_OBJC_ROOT_CLASS = YES_ERROR;
				CLANG_WARN_QUOTED_INCLUDE_IN_FRAMEWORK_HEADER = YES;
				CLANG_WARN_RANGE_LOOP_ANALYSIS = YES;
				CLANG_WARN_STRICT_PROTOTYPES = YES;
				CLANG_WARN_SUSPICIOUS_MOVE = YES;
				CLANG_WARN_UNGUARDED_AVAILABILITY = YES_AGGRESSIVE;
				CLANG_WARN_UNREACHABLE_CODE = YES;
				CLANG_WARN__DUPLICATE_METHOD_MATCH = YES;
				COPY_PHASE_STRIP = NO;
				DEBUG_INFORMATION_FORMAT = "dwarf-with-dsym";
				ENABLE_NS_ASSERTIONS = NO;
				ENABLE_STRICT_OBJC_MSGSEND = YES;
				GCC_C_LANGUAGE_STANDARD = gnu11;
				GCC_NO_COMMON_BLOCKS = YES;
				GCC_WARN_64_TO_32_BIT_CONVERSION = YES;
				GCC_WARN_ABOUT_RETURN_TYPE = YES_ERROR;
				GCC_WARN_UNDECLARED_SELECTOR = YES;
				GCC_WARN_UNINITIALIZED_AUTOS = YES_AGGRESSIVE;
				GCC_WARN_UNUSED_FUNCTION = YES;
				GCC_WARN_UNUSED_VARIABLE = YES;
				IPHONEOS_DEPLOYMENT_TARGET = 16.0;
				MTL_ENABLE_DEBUG_INFO = NO;
				MTL_FAST_MATH = YES;
				SDKROOT = iphoneos;
				SWIFT_COMPILATION_MODE = wholemodule;
				SWIFT_OPTIMIZATION_LEVEL = "-O";
				VALIDATE_PRODUCT = YES;
			};
			name = Release;
		};
		2176DC3628F0F6ED00786BB8 /* Debug */ = {
			isa = XCBuildConfiguration;
			buildSettings = {
				ASSETCATALOG_COMPILER_APPICON_NAME = AppIcon;
				ASSETCATALOG_COMPILER_GLOBAL_ACCENT_COLOR_NAME = AccentColor;
				CODE_SIGN_STYLE = Automatic;
				CURRENT_PROJECT_VERSION = 1;
				DEVELOPMENT_TEAM = V8589HS7AN;
				GENERATE_INFOPLIST_FILE = YES;
				INFOPLIST_FILE = "Learning App/Info.plist";
				INFOPLIST_KEY_UIApplicationSupportsIndirectInputEvents = YES;
				INFOPLIST_KEY_UILaunchStoryboardName = LaunchScreen;
				INFOPLIST_KEY_UIMainStoryboardFile = Main;
				INFOPLIST_KEY_UISupportedInterfaceOrientations_iPad = "UIInterfaceOrientationPortrait UIInterfaceOrientationPortraitUpsideDown UIInterfaceOrientationLandscapeLeft UIInterfaceOrientationLandscapeRight";
				INFOPLIST_KEY_UISupportedInterfaceOrientations_iPhone = "UIInterfaceOrientationPortrait UIInterfaceOrientationLandscapeLeft UIInterfaceOrientationLandscapeRight";
				LD_RUNPATH_SEARCH_PATHS = (
					"$(inherited)",
					"@executable_path/Frameworks",
				);
				MARKETING_VERSION = 1.0;
				PRODUCT_BUNDLE_IDENTIFIER = "dev.analuiza.Learning-App";
				PRODUCT_NAME = "$(TARGET_NAME)";
				SWIFT_EMIT_LOC_STRINGS = YES;
				SWIFT_VERSION = 5.0;
				TARGETED_DEVICE_FAMILY = "1,2";
			};
			name = Debug;
		};
		2176DC3728F0F6ED00786BB8 /* Release */ = {
			isa = XCBuildConfiguration;
			buildSettings = {
				ASSETCATALOG_COMPILER_APPICON_NAME = AppIcon;
				ASSETCATALOG_COMPILER_GLOBAL_ACCENT_COLOR_NAME = AccentColor;
				CODE_SIGN_STYLE = Automatic;
				CURRENT_PROJECT_VERSION = 1;
				DEVELOPMENT_TEAM = V8589HS7AN;
				GENERATE_INFOPLIST_FILE = YES;
				INFOPLIST_FILE = "Learning App/Info.plist";
				INFOPLIST_KEY_UIApplicationSupportsIndirectInputEvents = YES;
				INFOPLIST_KEY_UILaunchStoryboardName = LaunchScreen;
				INFOPLIST_KEY_UIMainStoryboardFile = Main;
				INFOPLIST_KEY_UISupportedInterfaceOrientations_iPad = "UIInterfaceOrientationPortrait UIInterfaceOrientationPortraitUpsideDown UIInterfaceOrientationLandscapeLeft UIInterfaceOrientationLandscapeRight";
				INFOPLIST_KEY_UISupportedInterfaceOrientations_iPhone = "UIInterfaceOrientationPortrait UIInterfaceOrientationLandscapeLeft UIInterfaceOrientationLandscapeRight";
				LD_RUNPATH_SEARCH_PATHS = (
					"$(inherited)",
					"@executable_path/Frameworks",
				);
				MARKETING_VERSION = 1.0;
				PRODUCT_BUNDLE_IDENTIFIER = "dev.analuiza.Learning-App";
				PRODUCT_NAME = "$(TARGET_NAME)";
				SWIFT_EMIT_LOC_STRINGS = YES;
				SWIFT_VERSION = 5.0;
				TARGETED_DEVICE_FAMILY = "1,2";
			};
			name = Release;
		};
		2176DC3928F0F6ED00786BB8 /* Debug */ = {
			isa = XCBuildConfiguration;
			buildSettings = {
				ALWAYS_EMBED_SWIFT_STANDARD_LIBRARIES = YES;
				BUNDLE_LOADER = "$(TEST_HOST)";
				CODE_SIGN_STYLE = Automatic;
				CURRENT_PROJECT_VERSION = 1;
				DEVELOPMENT_TEAM = V8589HS7AN;
				GENERATE_INFOPLIST_FILE = YES;
				IPHONEOS_DEPLOYMENT_TARGET = 16.0;
				MARKETING_VERSION = 1.0;
				PRODUCT_BUNDLE_IDENTIFIER = "dev.analuiza.Learning-AppTests";
				PRODUCT_NAME = "$(TARGET_NAME)";
				SWIFT_EMIT_LOC_STRINGS = NO;
				SWIFT_VERSION = 5.0;
				TARGETED_DEVICE_FAMILY = "1,2";
				TEST_HOST = "$(BUILT_PRODUCTS_DIR)/Learning App.app/$(BUNDLE_EXECUTABLE_FOLDER_PATH)/Learning App";
			};
			name = Debug;
		};
		2176DC3A28F0F6ED00786BB8 /* Release */ = {
			isa = XCBuildConfiguration;
			buildSettings = {
				ALWAYS_EMBED_SWIFT_STANDARD_LIBRARIES = YES;
				BUNDLE_LOADER = "$(TEST_HOST)";
				CODE_SIGN_STYLE = Automatic;
				CURRENT_PROJECT_VERSION = 1;
				DEVELOPMENT_TEAM = V8589HS7AN;
				GENERATE_INFOPLIST_FILE = YES;
				IPHONEOS_DEPLOYMENT_TARGET = 16.0;
				MARKETING_VERSION = 1.0;
				PRODUCT_BUNDLE_IDENTIFIER = "dev.analuiza.Learning-AppTests";
				PRODUCT_NAME = "$(TARGET_NAME)";
				SWIFT_EMIT_LOC_STRINGS = NO;
				SWIFT_VERSION = 5.0;
				TARGETED_DEVICE_FAMILY = "1,2";
				TEST_HOST = "$(BUILT_PRODUCTS_DIR)/Learning App.app/$(BUNDLE_EXECUTABLE_FOLDER_PATH)/Learning App";
			};
			name = Release;
		};
		2176DC3C28F0F6ED00786BB8 /* Debug */ = {
			isa = XCBuildConfiguration;
			buildSettings = {
				ALWAYS_EMBED_SWIFT_STANDARD_LIBRARIES = YES;
				CODE_SIGN_STYLE = Automatic;
				CURRENT_PROJECT_VERSION = 1;
				DEVELOPMENT_TEAM = V8589HS7AN;
				GENERATE_INFOPLIST_FILE = YES;
				MARKETING_VERSION = 1.0;
				PRODUCT_BUNDLE_IDENTIFIER = "dev.analuiza.Learning-AppUITests";
				PRODUCT_NAME = "$(TARGET_NAME)";
				SWIFT_EMIT_LOC_STRINGS = NO;
				SWIFT_VERSION = 5.0;
				TARGETED_DEVICE_FAMILY = "1,2";
				TEST_TARGET_NAME = "Learning App";
			};
			name = Debug;
		};
		2176DC3D28F0F6ED00786BB8 /* Release */ = {
			isa = XCBuildConfiguration;
			buildSettings = {
				ALWAYS_EMBED_SWIFT_STANDARD_LIBRARIES = YES;
				CODE_SIGN_STYLE = Automatic;
				CURRENT_PROJECT_VERSION = 1;
				DEVELOPMENT_TEAM = V8589HS7AN;
				GENERATE_INFOPLIST_FILE = YES;
				MARKETING_VERSION = 1.0;
				PRODUCT_BUNDLE_IDENTIFIER = "dev.analuiza.Learning-AppUITests";
				PRODUCT_NAME = "$(TARGET_NAME)";
				SWIFT_EMIT_LOC_STRINGS = NO;
				SWIFT_VERSION = 5.0;
				TARGETED_DEVICE_FAMILY = "1,2";
				TEST_TARGET_NAME = "Learning App";
			};
			name = Release;
		};
/* End XCBuildConfiguration section */

/* Begin XCConfigurationList section */
		2176DC0628F0F6E300786BB8 /* Build configuration list for PBXProject "Learning App" */ = {
			isa = XCConfigurationList;
			buildConfigurations = (
				2176DC3328F0F6ED00786BB8 /* Debug */,
				2176DC3428F0F6ED00786BB8 /* Release */,
			);
			defaultConfigurationIsVisible = 0;
			defaultConfigurationName = Release;
		};
		2176DC3528F0F6ED00786BB8 /* Build configuration list for PBXNativeTarget "Learning App" */ = {
			isa = XCConfigurationList;
			buildConfigurations = (
				2176DC3628F0F6ED00786BB8 /* Debug */,
				2176DC3728F0F6ED00786BB8 /* Release */,
			);
			defaultConfigurationIsVisible = 0;
			defaultConfigurationName = Release;
		};
		2176DC3828F0F6ED00786BB8 /* Build configuration list for PBXNativeTarget "Learning AppTests" */ = {
			isa = XCConfigurationList;
			buildConfigurations = (
				2176DC3928F0F6ED00786BB8 /* Debug */,
				2176DC3A28F0F6ED00786BB8 /* Release */,
			);
			defaultConfigurationIsVisible = 0;
			defaultConfigurationName = Release;
		};
		2176DC3B28F0F6ED00786BB8 /* Build configuration list for PBXNativeTarget "Learning AppUITests" */ = {
			isa = XCConfigurationList;
			buildConfigurations = (
				2176DC3C28F0F6ED00786BB8 /* Debug */,
				2176DC3D28F0F6ED00786BB8 /* Release */,
			);
			defaultConfigurationIsVisible = 0;
			defaultConfigurationName = Release;
		};
/* End XCConfigurationList section */
	};
	rootObject = 2176DC0328F0F6E300786BB8 /* Project object */;
}
