// !$*UTF8*$!
{
	archiveVersion = 1;
	classes = {
	};
	objectVersion = 56;
	objects = {

/* Begin PBXBuildFile section */
		21848A4728F0D37300DD2EDA /* AppDelegate.swift in Sources */ = {isa = PBXBuildFile; fileRef = 21848A4628F0D37300DD2EDA /* AppDelegate.swift */; };
		21848A4928F0D37300DD2EDA /* SceneDelegate.swift in Sources */ = {isa = PBXBuildFile; fileRef = 21848A4828F0D37300DD2EDA /* SceneDelegate.swift */; };
		21848A4B28F0D37300DD2EDA /* ViewController.swift in Sources */ = {isa = PBXBuildFile; fileRef = 21848A4A28F0D37300DD2EDA /* ViewController.swift */; };
		21848A4E28F0D37300DD2EDA /* Main.storyboard in Resources */ = {isa = PBXBuildFile; fileRef = 21848A4C28F0D37300DD2EDA /* Main.storyboard */; };
		21848A5028F0D37800DD2EDA /* Assets.xcassets in Resources */ = {isa = PBXBuildFile; fileRef = 21848A4F28F0D37800DD2EDA /* Assets.xcassets */; };
		21848A5328F0D37800DD2EDA /* LaunchScreen.storyboard in Resources */ = {isa = PBXBuildFile; fileRef = 21848A5128F0D37800DD2EDA /* LaunchScreen.storyboard */; };
		21848A5E28F0D37900DD2EDA /* ios_appsTests.swift in Sources */ = {isa = PBXBuildFile; fileRef = 21848A5D28F0D37900DD2EDA /* ios_appsTests.swift */; };
		21848A6828F0D37900DD2EDA /* ios_appsUITests.swift in Sources */ = {isa = PBXBuildFile; fileRef = 21848A6728F0D37900DD2EDA /* ios_appsUITests.swift */; };
		21848A6A28F0D37900DD2EDA /* ios_appsUITestsLaunchTests.swift in Sources */ = {isa = PBXBuildFile; fileRef = 21848A6928F0D37900DD2EDA /* ios_appsUITestsLaunchTests.swift */; };
/* End PBXBuildFile section */

/* Begin PBXContainerItemProxy section */
		21848A5A28F0D37900DD2EDA /* PBXContainerItemProxy */ = {
			isa = PBXContainerItemProxy;
			containerPortal = 21848A3B28F0D37300DD2EDA /* Project object */;
			proxyType = 1;
			remoteGlobalIDString = 21848A4228F0D37300DD2EDA;
			remoteInfo = "ios-apps";
		};
		21848A6428F0D37900DD2EDA /* PBXContainerItemProxy */ = {
			isa = PBXContainerItemProxy;
			containerPortal = 21848A3B28F0D37300DD2EDA /* Project object */;
			proxyType = 1;
			remoteGlobalIDString = 21848A4228F0D37300DD2EDA;
			remoteInfo = "ios-apps";
		};
/* End PBXContainerItemProxy section */

/* Begin PBXFileReference section */
		21848A4328F0D37300DD2EDA /* ios-apps.app */ = {isa = PBXFileReference; explicitFileType = wrapper.application; includeInIndex = 0; path = "ios-apps.app"; sourceTree = BUILT_PRODUCTS_DIR; };
		21848A4628F0D37300DD2EDA /* AppDelegate.swift */ = {isa = PBXFileReference; lastKnownFileType = sourcecode.swift; path = AppDelegate.swift; sourceTree = "<group>"; };
		21848A4828F0D37300DD2EDA /* SceneDelegate.swift */ = {isa = PBXFileReference; lastKnownFileType = sourcecode.swift; path = SceneDelegate.swift; sourceTree = "<group>"; };
		21848A4A28F0D37300DD2EDA /* ViewController.swift */ = {isa = PBXFileReference; lastKnownFileType = sourcecode.swift; path = ViewController.swift; sourceTree = "<group>"; };
		21848A4D28F0D37300DD2EDA /* Base */ = {isa = PBXFileReference; lastKnownFileType = file.storyboard; name = Base; path = Base.lproj/Main.storyboard; sourceTree = "<group>"; };
		21848A4F28F0D37800DD2EDA /* Assets.xcassets */ = {isa = PBXFileReference; lastKnownFileType = folder.assetcatalog; path = Assets.xcassets; sourceTree = "<group>"; };
		21848A5228F0D37800DD2EDA /* Base */ = {isa = PBXFileReference; lastKnownFileType = file.storyboard; name = Base; path = Base.lproj/LaunchScreen.storyboard; sourceTree = "<group>"; };
		21848A5428F0D37900DD2EDA /* Info.plist */ = {isa = PBXFileReference; lastKnownFileType = text.plist.xml; path = Info.plist; sourceTree = "<group>"; };
		21848A5928F0D37900DD2EDA /* ios-appsTests.xctest */ = {isa = PBXFileReference; explicitFileType = wrapper.cfbundle; includeInIndex = 0; path = "ios-appsTests.xctest"; sourceTree = BUILT_PRODUCTS_DIR; };
		21848A5D28F0D37900DD2EDA /* ios_appsTests.swift */ = {isa = PBXFileReference; lastKnownFileType = sourcecode.swift; path = ios_appsTests.swift; sourceTree = "<group>"; };
		21848A6328F0D37900DD2EDA /* ios-appsUITests.xctest */ = {isa = PBXFileReference; explicitFileType = wrapper.cfbundle; includeInIndex = 0; path = "ios-appsUITests.xctest"; sourceTree = BUILT_PRODUCTS_DIR; };
		21848A6728F0D37900DD2EDA /* ios_appsUITests.swift */ = {isa = PBXFileReference; lastKnownFileType = sourcecode.swift; path = ios_appsUITests.swift; sourceTree = "<group>"; };
		21848A6928F0D37900DD2EDA /* ios_appsUITestsLaunchTests.swift */ = {isa = PBXFileReference; lastKnownFileType = sourcecode.swift; path = ios_appsUITestsLaunchTests.swift; sourceTree = "<group>"; };
/* End PBXFileReference section */

/* Begin PBXFrameworksBuildPhase section */
		21848A4028F0D37300DD2EDA /* Frameworks */ = {
			isa = PBXFrameworksBuildPhase;
			buildActionMask = 2147483647;
			files = (
			);
			runOnlyForDeploymentPostprocessing = 0;
		};
		21848A5628F0D37900DD2EDA /* Frameworks */ = {
			isa = PBXFrameworksBuildPhase;
			buildActionMask = 2147483647;
			files = (
			);
			runOnlyForDeploymentPostprocessing = 0;
		};
		21848A6028F0D37900DD2EDA /* Frameworks */ = {
			isa = PBXFrameworksBuildPhase;
			buildActionMask = 2147483647;
			files = (
			);
			runOnlyForDeploymentPostprocessing = 0;
		};
/* End PBXFrameworksBuildPhase section */

/* Begin PBXGroup section */
		21848A3A28F0D37300DD2EDA = {
			isa = PBXGroup;
			children = (
				21848A4528F0D37300DD2EDA /* ios-apps */,
				21848A5C28F0D37900DD2EDA /* ios-appsTests */,
				21848A6628F0D37900DD2EDA /* ios-appsUITests */,
				21848A4428F0D37300DD2EDA /* Products */,
			);
			sourceTree = "<group>";
		};
		21848A4428F0D37300DD2EDA /* Products */ = {
			isa = PBXGroup;
			children = (
				21848A4328F0D37300DD2EDA /* ios-apps.app */,
				21848A5928F0D37900DD2EDA /* ios-appsTests.xctest */,
				21848A6328F0D37900DD2EDA /* ios-appsUITests.xctest */,
			);
			name = Products;
			sourceTree = "<group>";
		};
		21848A4528F0D37300DD2EDA /* ios-apps */ = {
			isa = PBXGroup;
			children = (
				21848A4628F0D37300DD2EDA /* AppDelegate.swift */,
				21848A4828F0D37300DD2EDA /* SceneDelegate.swift */,
				21848A4A28F0D37300DD2EDA /* ViewController.swift */,
				21848A4C28F0D37300DD2EDA /* Main.storyboard */,
				21848A4F28F0D37800DD2EDA /* Assets.xcassets */,
				21848A5128F0D37800DD2EDA /* LaunchScreen.storyboard */,
				21848A5428F0D37900DD2EDA /* Info.plist */,
			);
			path = "ios-apps";
			sourceTree = "<group>";
		};
		21848A5C28F0D37900DD2EDA /* ios-appsTests */ = {
			isa = PBXGroup;
			children = (
				21848A5D28F0D37900DD2EDA /* ios_appsTests.swift */,
			);
			path = "ios-appsTests";
			sourceTree = "<group>";
		};
		21848A6628F0D37900DD2EDA /* ios-appsUITests */ = {
			isa = PBXGroup;
			children = (
				21848A6728F0D37900DD2EDA /* ios_appsUITests.swift */,
				21848A6928F0D37900DD2EDA /* ios_appsUITestsLaunchTests.swift */,
			);
			path = "ios-appsUITests";
			sourceTree = "<group>";
		};
/* End PBXGroup section */

/* Begin PBXNativeTarget section */
		21848A4228F0D37300DD2EDA /* ios-apps */ = {
			isa = PBXNativeTarget;
			buildConfigurationList = 21848A6D28F0D37900DD2EDA /* Build configuration list for PBXNativeTarget "ios-apps" */;
			buildPhases = (
				21848A3F28F0D37300DD2EDA /* Sources */,
				21848A4028F0D37300DD2EDA /* Frameworks */,
				21848A4128F0D37300DD2EDA /* Resources */,
			);
			buildRules = (
			);
			dependencies = (
			);
			name = "ios-apps";
			productName = "ios-apps";
			productReference = 21848A4328F0D37300DD2EDA /* ios-apps.app */;
			productType = "com.apple.product-type.application";
		};
		21848A5828F0D37900DD2EDA /* ios-appsTests */ = {
			isa = PBXNativeTarget;
			buildConfigurationList = 21848A7028F0D37900DD2EDA /* Build configuration list for PBXNativeTarget "ios-appsTests" */;
			buildPhases = (
				21848A5528F0D37900DD2EDA /* Sources */,
				21848A5628F0D37900DD2EDA /* Frameworks */,
				21848A5728F0D37900DD2EDA /* Resources */,
			);
			buildRules = (
			);
			dependencies = (
				21848A5B28F0D37900DD2EDA /* PBXTargetDependency */,
			);
			name = "ios-appsTests";
			productName = "ios-appsTests";
			productReference = 21848A5928F0D37900DD2EDA /* ios-appsTests.xctest */;
			productType = "com.apple.product-type.bundle.unit-test";
		};
		21848A6228F0D37900DD2EDA /* ios-appsUITests */ = {
			isa = PBXNativeTarget;
			buildConfigurationList = 21848A7328F0D37900DD2EDA /* Build configuration list for PBXNativeTarget "ios-appsUITests" */;
			buildPhases = (
				21848A5F28F0D37900DD2EDA /* Sources */,
				21848A6028F0D37900DD2EDA /* Frameworks */,
				21848A6128F0D37900DD2EDA /* Resources */,
			);
			buildRules = (
			);
			dependencies = (
				21848A6528F0D37900DD2EDA /* PBXTargetDependency */,
			);
			name = "ios-appsUITests";
			productName = "ios-appsUITests";
			productReference = 21848A6328F0D37900DD2EDA /* ios-appsUITests.xctest */;
			productType = "com.apple.product-type.bundle.ui-testing";
		};
/* End PBXNativeTarget section */

/* Begin PBXProject section */
		21848A3B28F0D37300DD2EDA /* Project object */ = {
			isa = PBXProject;
			attributes = {
				BuildIndependentTargetsInParallel = 1;
				LastSwiftUpdateCheck = 1400;
				LastUpgradeCheck = 1400;
				TargetAttributes = {
					21848A4228F0D37300DD2EDA = {
						CreatedOnToolsVersion = 14.0.1;
					};
					21848A5828F0D37900DD2EDA = {
						CreatedOnToolsVersion = 14.0.1;
						TestTargetID = 21848A4228F0D37300DD2EDA;
					};
					21848A6228F0D37900DD2EDA = {
						CreatedOnToolsVersion = 14.0.1;
						TestTargetID = 21848A4228F0D37300DD2EDA;
					};
				};
			};
			buildConfigurationList = 21848A3E28F0D37300DD2EDA /* Build configuration list for PBXProject "ios-apps" */;
			compatibilityVersion = "Xcode 14.0";
			developmentRegion = en;
			hasScannedForEncodings = 0;
			knownRegions = (
				en,
				Base,
			);
			mainGroup = 21848A3A28F0D37300DD2EDA;
			productRefGroup = 21848A4428F0D37300DD2EDA /* Products */;
			projectDirPath = "";
			projectRoot = "";
			targets = (
				21848A4228F0D37300DD2EDA /* ios-apps */,
				21848A5828F0D37900DD2EDA /* ios-appsTests */,
				21848A6228F0D37900DD2EDA /* ios-appsUITests */,
			);
		};
/* End PBXProject section */

/* Begin PBXResourcesBuildPhase section */
		21848A4128F0D37300DD2EDA /* Resources */ = {
			isa = PBXResourcesBuildPhase;
			buildActionMask = 2147483647;
			files = (
				21848A5328F0D37800DD2EDA /* LaunchScreen.storyboard in Resources */,
				21848A5028F0D37800DD2EDA /* Assets.xcassets in Resources */,
				21848A4E28F0D37300DD2EDA /* Main.storyboard in Resources */,
			);
			runOnlyForDeploymentPostprocessing = 0;
		};
		21848A5728F0D37900DD2EDA /* Resources */ = {
			isa = PBXResourcesBuildPhase;
			buildActionMask = 2147483647;
			files = (
			);
			runOnlyForDeploymentPostprocessing = 0;
		};
		21848A6128F0D37900DD2EDA /* Resources */ = {
			isa = PBXResourcesBuildPhase;
			buildActionMask = 2147483647;
			files = (
			);
			runOnlyForDeploymentPostprocessing = 0;
		};
/* End PBXResourcesBuildPhase section */

/* Begin PBXSourcesBuildPhase section */
		21848A3F28F0D37300DD2EDA /* Sources */ = {
			isa = PBXSourcesBuildPhase;
			buildActionMask = 2147483647;
			files = (
				21848A4B28F0D37300DD2EDA /* ViewController.swift in Sources */,
				21848A4728F0D37300DD2EDA /* AppDelegate.swift in Sources */,
				21848A4928F0D37300DD2EDA /* SceneDelegate.swift in Sources */,
			);
			runOnlyForDeploymentPostprocessing = 0;
		};
		21848A5528F0D37900DD2EDA /* Sources */ = {
			isa = PBXSourcesBuildPhase;
			buildActionMask = 2147483647;
			files = (
				21848A5E28F0D37900DD2EDA /* ios_appsTests.swift in Sources */,
			);
			runOnlyForDeploymentPostprocessing = 0;
		};
		21848A5F28F0D37900DD2EDA /* Sources */ = {
			isa = PBXSourcesBuildPhase;
			buildActionMask = 2147483647;
			files = (
				21848A6A28F0D37900DD2EDA /* ios_appsUITestsLaunchTests.swift in Sources */,
				21848A6828F0D37900DD2EDA /* ios_appsUITests.swift in Sources */,
			);
			runOnlyForDeploymentPostprocessing = 0;
		};
/* End PBXSourcesBuildPhase section */

/* Begin PBXTargetDependency section */
		21848A5B28F0D37900DD2EDA /* PBXTargetDependency */ = {
			isa = PBXTargetDependency;
			target = 21848A4228F0D37300DD2EDA /* ios-apps */;
			targetProxy = 21848A5A28F0D37900DD2EDA /* PBXContainerItemProxy */;
		};
		21848A6528F0D37900DD2EDA /* PBXTargetDependency */ = {
			isa = PBXTargetDependency;
			target = 21848A4228F0D37300DD2EDA /* ios-apps */;
			targetProxy = 21848A6428F0D37900DD2EDA /* PBXContainerItemProxy */;
		};
/* End PBXTargetDependency section */

/* Begin PBXVariantGroup section */
		21848A4C28F0D37300DD2EDA /* Main.storyboard */ = {
			isa = PBXVariantGroup;
			children = (
				21848A4D28F0D37300DD2EDA /* Base */,
			);
			name = Main.storyboard;
			sourceTree = "<group>";
		};
		21848A5128F0D37800DD2EDA /* LaunchScreen.storyboard */ = {
			isa = PBXVariantGroup;
			children = (
				21848A5228F0D37800DD2EDA /* Base */,
			);
			name = LaunchScreen.storyboard;
			sourceTree = "<group>";
		};
/* End PBXVariantGroup section */

/* Begin XCBuildConfiguration section */
		21848A6B28F0D37900DD2EDA /* Debug */ = {
			isa = XCBuildConfiguration;
			buildSettings = {
				ALWAYS_SEARCH_USER_PATHS = NO;
				CLANG_ANALYZER_NONNULL = YES;
				CLANG_ANALYZER_NUMBER_OBJECT_CONVERSION = YES_AGGRESSIVE;
				CLANG_CXX_LANGUAGE_STANDARD = "gnu++20";
				CLANG_ENABLE_MODULES = YES;
				CLANG_ENABLE_OBJC_ARC = YES;
				CLANG_ENABLE_OBJC_WEAK = YES;
				CLANG_WARN_BLOCK_CAPTURE_AUTORELEASING = YES;
				CLANG_WARN_BOOL_CONVERSION = YES;
				CLANG_WARN_COMMA = YES;
				CLANG_WARN_CONSTANT_CONVERSION = YES;
				CLANG_WARN_DEPRECATED_OBJC_IMPLEMENTATIONS = YES;
				CLANG_WARN_DIRECT_OBJC_ISA_USAGE = YES_ERROR;
				CLANG_WARN_DOCUMENTATION_COMMENTS = YES;
				CLANG_WARN_EMPTY_BODY = YES;
				CLANG_WARN_ENUM_CONVERSION = YES;
				CLANG_WARN_INFINITE_RECURSION = YES;
				CLANG_WARN_INT_CONVERSION = YES;
				CLANG_WARN_NON_LITERAL_NULL_CONVERSION = YES;
				CLANG_WARN_OBJC_IMPLICIT_RETAIN_SELF = YES;
				CLANG_WARN_OBJC_LITERAL_CONVERSION = YES;
				CLANG_WARN_OBJC_ROOT_CLASS = YES_ERROR;
				CLANG_WARN_QUOTED_INCLUDE_IN_FRAMEWORK_HEADER = YES;
				CLANG_WARN_RANGE_LOOP_ANALYSIS = YES;
				CLANG_WARN_STRICT_PROTOTYPES = YES;
				CLANG_WARN_SUSPICIOUS_MOVE = YES;
				CLANG_WARN_UNGUARDED_AVAILABILITY = YES_AGGRESSIVE;
				CLANG_WARN_UNREACHABLE_CODE = YES;
				CLANG_WARN__DUPLICATE_METHOD_MATCH = YES;
				COPY_PHASE_STRIP = NO;
				DEBUG_INFORMATION_FORMAT = dwarf;
				ENABLE_STRICT_OBJC_MSGSEND = YES;
				ENABLE_TESTABILITY = YES;
				GCC_C_LANGUAGE_STANDARD = gnu11;
				GCC_DYNAMIC_NO_PIC = NO;
				GCC_NO_COMMON_BLOCKS = YES;
				GCC_OPTIMIZATION_LEVEL = 0;
				GCC_PREPROCESSOR_DEFINITIONS = (
					"DEBUG=1",
					"$(inherited)",
				);
				GCC_WARN_64_TO_32_BIT_CONVERSION = YES;
				GCC_WARN_ABOUT_RETURN_TYPE = YES_ERROR;
				GCC_WARN_UNDECLARED_SELECTOR = YES;
				GCC_WARN_UNINITIALIZED_AUTOS = YES_AGGRESSIVE;
				GCC_WARN_UNUSED_FUNCTION = YES;
				GCC_WARN_UNUSED_VARIABLE = YES;
				IPHONEOS_DEPLOYMENT_TARGET = 16.0;
				MTL_ENABLE_DEBUG_INFO = INCLUDE_SOURCE;
				MTL_FAST_MATH = YES;
				ONLY_ACTIVE_ARCH = YES;
				SDKROOT = iphoneos;
				SWIFT_ACTIVE_COMPILATION_CONDITIONS = DEBUG;
				SWIFT_OPTIMIZATION_LEVEL = "-Onone";
			};
			name = Debug;
		};
		21848A6C28F0D37900DD2EDA /* Release */ = {
			isa = XCBuildConfiguration;
			buildSettings = {
				ALWAYS_SEARCH_USER_PATHS = NO;
				CLANG_ANALYZER_NONNULL = YES;
				CLANG_ANALYZER_NUMBER_OBJECT_CONVERSION = YES_AGGRESSIVE;
				CLANG_CXX_LANGUAGE_STANDARD = "gnu++20";
				CLANG_ENABLE_MODULES = YES;
				CLANG_ENABLE_OBJC_ARC = YES;
				CLANG_ENABLE_OBJC_WEAK = YES;
				CLANG_WARN_BLOCK_CAPTURE_AUTORELEASING = YES;
				CLANG_WARN_BOOL_CONVERSION = YES;
				CLANG_WARN_COMMA = YES;
				CLANG_WARN_CONSTANT_CONVERSION = YES;
				CLANG_WARN_DEPRECATED_OBJC_IMPLEMENTATIONS = YES;
				CLANG_WARN_DIRECT_OBJC_ISA_USAGE = YES_ERROR;
				CLANG_WARN_DOCUMENTATION_COMMENTS = YES;
				CLANG_WARN_EMPTY_BODY = YES;
				CLANG_WARN_ENUM_CONVERSION = YES;
				CLANG_WARN_INFINITE_RECURSION = YES;
				CLANG_WARN_INT_CONVERSION = YES;
				CLANG_WARN_NON_LITERAL_NULL_CONVERSION = YES;
				CLANG_WARN_OBJC_IMPLICIT_RETAIN_SELF = YES;
				CLANG_WARN_OBJC_LITERAL_CONVERSION = YES;
				CLANG_WARN_OBJC_ROOT_CLASS = YES_ERROR;
				CLANG_WARN_QUOTED_INCLUDE_IN_FRAMEWORK_HEADER = YES;
				CLANG_WARN_RANGE_LOOP_ANALYSIS = YES;
				CLANG_WARN_STRICT_PROTOTYPES = YES;
				CLANG_WARN_SUSPICIOUS_MOVE = YES;
				CLANG_WARN_UNGUARDED_AVAILABILITY = YES_AGGRESSIVE;
				CLANG_WARN_UNREACHABLE_CODE = YES;
				CLANG_WARN__DUPLICATE_METHOD_MATCH = YES;
				COPY_PHASE_STRIP = NO;
				DEBUG_INFORMATION_FORMAT = "dwarf-with-dsym";
				ENABLE_NS_ASSERTIONS = NO;
				ENABLE_STRICT_OBJC_MSGSEND = YES;
				GCC_C_LANGUAGE_STANDARD = gnu11;
				GCC_NO_COMMON_BLOCKS = YES;
				GCC_WARN_64_TO_32_BIT_CONVERSION = YES;
				GCC_WARN_ABOUT_RETURN_TYPE = YES_ERROR;
				GCC_WARN_UNDECLARED_SELECTOR = YES;
				GCC_WARN_UNINITIALIZED_AUTOS = YES_AGGRESSIVE;
				GCC_WARN_UNUSED_FUNCTION = YES;
				GCC_WARN_UNUSED_VARIABLE = YES;
				IPHONEOS_DEPLOYMENT_TARGET = 16.0;
				MTL_ENABLE_DEBUG_INFO = NO;
				MTL_FAST_MATH = YES;
				SDKROOT = iphoneos;
				SWIFT_COMPILATION_MODE = wholemodule;
				SWIFT_OPTIMIZATION_LEVEL = "-O";
				VALIDATE_PRODUCT = YES;
			};
			name = Release;
		};
		21848A6E28F0D37900DD2EDA /* Debug */ = {
			isa = XCBuildConfiguration;
			buildSettings = {
				ASSETCATALOG_COMPILER_APPICON_NAME = AppIcon;
				ASSETCATALOG_COMPILER_GLOBAL_ACCENT_COLOR_NAME = AccentColor;
				CODE_SIGN_STYLE = Automatic;
				CURRENT_PROJECT_VERSION = 1;
				DEVELOPMENT_TEAM = V8589HS7AN;
				GENERATE_INFOPLIST_FILE = YES;
				INFOPLIST_FILE = "ios-apps/Info.plist";
				INFOPLIST_KEY_UIApplicationSupportsIndirectInputEvents = YES;
				INFOPLIST_KEY_UILaunchStoryboardName = LaunchScreen;
				INFOPLIST_KEY_UIMainStoryboardFile = Main;
				INFOPLIST_KEY_UISupportedInterfaceOrientations_iPad = "UIInterfaceOrientationPortrait UIInterfaceOrientationPortraitUpsideDown UIInterfaceOrientationLandscapeLeft UIInterfaceOrientationLandscapeRight";
				INFOPLIST_KEY_UISupportedInterfaceOrientations_iPhone = "UIInterfaceOrientationPortrait UIInterfaceOrientationLandscapeLeft UIInterfaceOrientationLandscapeRight";
				LD_RUNPATH_SEARCH_PATHS = (
					"$(inherited)",
					"@executable_path/Frameworks",
				);
				MARKETING_VERSION = 1.0;
				PRODUCT_BUNDLE_IDENTIFIER = "dev.analuiza.ios-apps";
				PRODUCT_NAME = "$(TARGET_NAME)";
				SWIFT_EMIT_LOC_STRINGS = YES;
				SWIFT_VERSION = 5.0;
				TARGETED_DEVICE_FAMILY = "1,2";
			};
			name = Debug;
		};
		21848A6F28F0D37900DD2EDA /* Release */ = {
			isa = XCBuildConfiguration;
			buildSettings = {
				ASSETCATALOG_COMPILER_APPICON_NAME = AppIcon;
				ASSETCATALOG_COMPILER_GLOBAL_ACCENT_COLOR_NAME = AccentColor;
				CODE_SIGN_STYLE = Automatic;
				CURRENT_PROJECT_VERSION = 1;
				DEVELOPMENT_TEAM = V8589HS7AN;
				GENERATE_INFOPLIST_FILE = YES;
				INFOPLIST_FILE = "ios-apps/Info.plist";
				INFOPLIST_KEY_UIApplicationSupportsIndirectInputEvents = YES;
				INFOPLIST_KEY_UILaunchStoryboardName = LaunchScreen;
				INFOPLIST_KEY_UIMainStoryboardFile = Main;
				INFOPLIST_KEY_UISupportedInterfaceOrientations_iPad = "UIInterfaceOrientationPortrait UIInterfaceOrientationPortraitUpsideDown UIInterfaceOrientationLandscapeLeft UIInterfaceOrientationLandscapeRight";
				INFOPLIST_KEY_UISupportedInterfaceOrientations_iPhone = "UIInterfaceOrientationPortrait UIInterfaceOrientationLandscapeLeft UIInterfaceOrientationLandscapeRight";
				LD_RUNPATH_SEARCH_PATHS = (
					"$(inherited)",
					"@executable_path/Frameworks",
				);
				MARKETING_VERSION = 1.0;
				PRODUCT_BUNDLE_IDENTIFIER = "dev.analuiza.ios-apps";
				PRODUCT_NAME = "$(TARGET_NAME)";
				SWIFT_EMIT_LOC_STRINGS = YES;
				SWIFT_VERSION = 5.0;
				TARGETED_DEVICE_FAMILY = "1,2";
			};
			name = Release;
		};
		21848A7128F0D37900DD2EDA /* Debug */ = {
			isa = XCBuildConfiguration;
			buildSettings = {
				ALWAYS_EMBED_SWIFT_STANDARD_LIBRARIES = YES;
				BUNDLE_LOADER = "$(TEST_HOST)";
				CODE_SIGN_STYLE = Automatic;
				CURRENT_PROJECT_VERSION = 1;
				DEVELOPMENT_TEAM = V8589HS7AN;
				GENERATE_INFOPLIST_FILE = YES;
				IPHONEOS_DEPLOYMENT_TARGET = 16.0;
				MARKETING_VERSION = 1.0;
				PRODUCT_BUNDLE_IDENTIFIER = "dev.analuiza.ios-appsTests";
				PRODUCT_NAME = "$(TARGET_NAME)";
				SWIFT_EMIT_LOC_STRINGS = NO;
				SWIFT_VERSION = 5.0;
				TARGETED_DEVICE_FAMILY = "1,2";
				TEST_HOST = "$(BUILT_PRODUCTS_DIR)/ios-apps.app/$(BUNDLE_EXECUTABLE_FOLDER_PATH)/ios-apps";
			};
			name = Debug;
		};
		21848A7228F0D37900DD2EDA /* Release */ = {
			isa = XCBuildConfiguration;
			buildSettings = {
				ALWAYS_EMBED_SWIFT_STANDARD_LIBRARIES = YES;
				BUNDLE_LOADER = "$(TEST_HOST)";
				CODE_SIGN_STYLE = Automatic;
				CURRENT_PROJECT_VERSION = 1;
				DEVELOPMENT_TEAM = V8589HS7AN;
				GENERATE_INFOPLIST_FILE = YES;
				IPHONEOS_DEPLOYMENT_TARGET = 16.0;
				MARKETING_VERSION = 1.0;
				PRODUCT_BUNDLE_IDENTIFIER = "dev.analuiza.ios-appsTests";
				PRODUCT_NAME = "$(TARGET_NAME)";
				SWIFT_EMIT_LOC_STRINGS = NO;
				SWIFT_VERSION = 5.0;
				TARGETED_DEVICE_FAMILY = "1,2";
				TEST_HOST = "$(BUILT_PRODUCTS_DIR)/ios-apps.app/$(BUNDLE_EXECUTABLE_FOLDER_PATH)/ios-apps";
			};
			name = Release;
		};
		21848A7428F0D37900DD2EDA /* Debug */ = {
			isa = XCBuildConfiguration;
			buildSettings = {
				ALWAYS_EMBED_SWIFT_STANDARD_LIBRARIES = YES;
				CODE_SIGN_STYLE = Automatic;
				CURRENT_PROJECT_VERSION = 1;
				DEVELOPMENT_TEAM = V8589HS7AN;
				GENERATE_INFOPLIST_FILE = YES;
				MARKETING_VERSION = 1.0;
				PRODUCT_BUNDLE_IDENTIFIER = "dev.analuiza.ios-appsUITests";
				PRODUCT_NAME = "$(TARGET_NAME)";
				SWIFT_EMIT_LOC_STRINGS = NO;
				SWIFT_VERSION = 5.0;
				TARGETED_DEVICE_FAMILY = "1,2";
				TEST_TARGET_NAME = "ios-apps";
			};
			name = Debug;
		};
		21848A7528F0D37900DD2EDA /* Release */ = {
			isa = XCBuildConfiguration;
			buildSettings = {
				ALWAYS_EMBED_SWIFT_STANDARD_LIBRARIES = YES;
				CODE_SIGN_STYLE = Automatic;
				CURRENT_PROJECT_VERSION = 1;
				DEVELOPMENT_TEAM = V8589HS7AN;
				GENERATE_INFOPLIST_FILE = YES;
				MARKETING_VERSION = 1.0;
				PRODUCT_BUNDLE_IDENTIFIER = "dev.analuiza.ios-appsUITests";
				PRODUCT_NAME = "$(TARGET_NAME)";
				SWIFT_EMIT_LOC_STRINGS = NO;
				SWIFT_VERSION = 5.0;
				TARGETED_DEVICE_FAMILY = "1,2";
				TEST_TARGET_NAME = "ios-apps";
			};
			name = Release;
		};
/* End XCBuildConfiguration section */

/* Begin XCConfigurationList section */
		21848A3E28F0D37300DD2EDA /* Build configuration list for PBXProject "ios-apps" */ = {
			isa = XCConfigurationList;
			buildConfigurations = (
				21848A6B28F0D37900DD2EDA /* Debug */,
				21848A6C28F0D37900DD2EDA /* Release */,
			);
			defaultConfigurationIsVisible = 0;
			defaultConfigurationName = Release;
		};
		21848A6D28F0D37900DD2EDA /* Build configuration list for PBXNativeTarget "ios-apps" */ = {
			isa = XCConfigurationList;
			buildConfigurations = (
				21848A6E28F0D37900DD2EDA /* Debug */,
				21848A6F28F0D37900DD2EDA /* Release */,
			);
			defaultConfigurationIsVisible = 0;
			defaultConfigurationName = Release;
		};
		21848A7028F0D37900DD2EDA /* Build configuration list for PBXNativeTarget "ios-appsTests" */ = {
			isa = XCConfigurationList;
			buildConfigurations = (
				21848A7128F0D37900DD2EDA /* Debug */,
				21848A7228F0D37900DD2EDA /* Release */,
			);
			defaultConfigurationIsVisible = 0;
			defaultConfigurationName = Release;
		};
		21848A7328F0D37900DD2EDA /* Build configuration list for PBXNativeTarget "ios-appsUITests" */ = {
			isa = XCConfigurationList;
			buildConfigurations = (
				21848A7428F0D37900DD2EDA /* Debug */,
				21848A7528F0D37900DD2EDA /* Release */,
			);
			defaultConfigurationIsVisible = 0;
			defaultConfigurationName = Release;
		};
/* End XCConfigurationList section */
	};
	rootObject = 21848A3B28F0D37300DD2EDA /* Project object */;
}
